// !$*UTF8*$!
{
	archiveVersion = 1;
	classes = {
	};
	objectVersion = 46;
	objects = {

/* Begin PBXBuildFile section */
		529A9C851DEFC5F8005B0093 /* Postag.swift in Sources */ = {isa = PBXBuildFile; fileRef = 529A9C7D1DEFC5F8005B0093 /* Postag.swift */; };
		529A9C861DEFC5F8005B0093 /* Postag.swift in Sources */ = {isa = PBXBuildFile; fileRef = 529A9C7D1DEFC5F8005B0093 /* Postag.swift */; };
		529A9C871DEFC5F8005B0093 /* Relation.swift in Sources */ = {isa = PBXBuildFile; fileRef = 529A9C7E1DEFC5F8005B0093 /* Relation.swift */; };
		529A9C881DEFC5F8005B0093 /* Relation.swift in Sources */ = {isa = PBXBuildFile; fileRef = 529A9C7E1DEFC5F8005B0093 /* Relation.swift */; };
		529A9C891DEFC5F8005B0093 /* Sentence.swift in Sources */ = {isa = PBXBuildFile; fileRef = 529A9C7F1DEFC5F8005B0093 /* Sentence.swift */; };
		529A9C8A1DEFC5F8005B0093 /* Sentence.swift in Sources */ = {isa = PBXBuildFile; fileRef = 529A9C7F1DEFC5F8005B0093 /* Sentence.swift */; };
		529A9C8B1DEFC5F8005B0093 /* Text.swift in Sources */ = {isa = PBXBuildFile; fileRef = 529A9C801DEFC5F8005B0093 /* Text.swift */; };
		529A9C8C1DEFC5F8005B0093 /* Text.swift in Sources */ = {isa = PBXBuildFile; fileRef = 529A9C801DEFC5F8005B0093 /* Text.swift */; };
		529A9C8D1DEFC5F8005B0093 /* Word.swift in Sources */ = {isa = PBXBuildFile; fileRef = 529A9C811DEFC5F8005B0093 /* Word.swift */; };
		529A9C8E1DEFC5F8005B0093 /* Word.swift in Sources */ = {isa = PBXBuildFile; fileRef = 529A9C811DEFC5F8005B0093 /* Word.swift */; };
		529A9C911DEFC5F8005B0093 /* Treebank.h in Headers */ = {isa = PBXBuildFile; fileRef = 529A9C841DEFC5F8005B0093 /* Treebank.h */; settings = {ATTRIBUTES = (Public, ); }; };
		529A9C921DEFC5F8005B0093 /* Treebank.h in Headers */ = {isa = PBXBuildFile; fileRef = 529A9C841DEFC5F8005B0093 /* Treebank.h */; settings = {ATTRIBUTES = (Public, ); }; };
/* End PBXBuildFile section */

/* Begin PBXFileReference section */
		529A9C671DEFC50D005B0093 /* Treebank.framework */ = {isa = PBXFileReference; explicitFileType = wrapper.framework; includeInIndex = 0; path = Treebank.framework; sourceTree = BUILT_PRODUCTS_DIR; };
		529A9C741DEFC599005B0093 /* Treebank.framework */ = {isa = PBXFileReference; explicitFileType = wrapper.framework; includeInIndex = 0; path = Treebank.framework; sourceTree = BUILT_PRODUCTS_DIR; };
		529A9C7D1DEFC5F8005B0093 /* Postag.swift */ = {isa = PBXFileReference; fileEncoding = 4; lastKnownFileType = sourcecode.swift; path = Postag.swift; sourceTree = "<group>"; };
		529A9C7E1DEFC5F8005B0093 /* Relation.swift */ = {isa = PBXFileReference; fileEncoding = 4; lastKnownFileType = sourcecode.swift; path = Relation.swift; sourceTree = "<group>"; };
		529A9C7F1DEFC5F8005B0093 /* Sentence.swift */ = {isa = PBXFileReference; fileEncoding = 4; lastKnownFileType = sourcecode.swift; path = Sentence.swift; sourceTree = "<group>"; };
		529A9C801DEFC5F8005B0093 /* Text.swift */ = {isa = PBXFileReference; fileEncoding = 4; lastKnownFileType = sourcecode.swift; path = Text.swift; sourceTree = "<group>"; };
		529A9C811DEFC5F8005B0093 /* Word.swift */ = {isa = PBXFileReference; fileEncoding = 4; lastKnownFileType = sourcecode.swift; path = Word.swift; sourceTree = "<group>"; };
		529A9C831DEFC5F8005B0093 /* Info.plist */ = {isa = PBXFileReference; fileEncoding = 4; lastKnownFileType = text.plist.xml; path = Info.plist; sourceTree = "<group>"; };
		529A9C841DEFC5F8005B0093 /* Treebank.h */ = {isa = PBXFileReference; fileEncoding = 4; lastKnownFileType = sourcecode.c.h; path = Treebank.h; sourceTree = "<group>"; };
/* End PBXFileReference section */

/* Begin PBXFrameworksBuildPhase section */
		529A9C631DEFC50D005B0093 /* Frameworks */ = {
			isa = PBXFrameworksBuildPhase;
			buildActionMask = 2147483647;
			files = (
			);
			runOnlyForDeploymentPostprocessing = 0;
		};
		529A9C701DEFC599005B0093 /* Frameworks */ = {
			isa = PBXFrameworksBuildPhase;
			buildActionMask = 2147483647;
			files = (
			);
			runOnlyForDeploymentPostprocessing = 0;
		};
/* End PBXFrameworksBuildPhase section */

/* Begin PBXGroup section */
		527558531DEF11760004EFE7 = {
			isa = PBXGroup;
			children = (
				529A9C7C1DEFC5F8005B0093 /* Sources */,
				529A9C821DEFC5F8005B0093 /* Support */,
				5275585E1DEF11760004EFE7 /* Products */,
			);
			sourceTree = "<group>";
		};
		5275585E1DEF11760004EFE7 /* Products */ = {
			isa = PBXGroup;
			children = (
				529A9C671DEFC50D005B0093 /* Treebank.framework */,
				529A9C741DEFC599005B0093 /* Treebank.framework */,
			);
			name = Products;
			sourceTree = "<group>";
		};
		529A9C7C1DEFC5F8005B0093 /* Sources */ = {
			isa = PBXGroup;
			children = (
				529A9C7D1DEFC5F8005B0093 /* Postag.swift */,
				529A9C7E1DEFC5F8005B0093 /* Relation.swift */,
				529A9C7F1DEFC5F8005B0093 /* Sentence.swift */,
				529A9C801DEFC5F8005B0093 /* Text.swift */,
				529A9C811DEFC5F8005B0093 /* Word.swift */,
			);
			path = Sources;
			sourceTree = "<group>";
		};
		529A9C821DEFC5F8005B0093 /* Support */ = {
			isa = PBXGroup;
			children = (
				529A9C831DEFC5F8005B0093 /* Info.plist */,
				529A9C841DEFC5F8005B0093 /* Treebank.h */,
			);
			path = Support;
			sourceTree = "<group>";
		};
/* End PBXGroup section */

/* Begin PBXHeadersBuildPhase section */
		529A9C641DEFC50D005B0093 /* Headers */ = {
			isa = PBXHeadersBuildPhase;
			buildActionMask = 2147483647;
			files = (
				529A9C911DEFC5F8005B0093 /* Treebank.h in Headers */,
			);
			runOnlyForDeploymentPostprocessing = 0;
		};
		529A9C711DEFC599005B0093 /* Headers */ = {
			isa = PBXHeadersBuildPhase;
			buildActionMask = 2147483647;
			files = (
				529A9C921DEFC5F8005B0093 /* Treebank.h in Headers */,
			);
			runOnlyForDeploymentPostprocessing = 0;
		};
/* End PBXHeadersBuildPhase section */

/* Begin PBXNativeTarget section */
		529A9C661DEFC50D005B0093 /* Treebank iOS */ = {
			isa = PBXNativeTarget;
			buildConfigurationList = 529A9C6E1DEFC50D005B0093 /* Build configuration list for PBXNativeTarget "Treebank iOS" */;
			buildPhases = (
				529A9C621DEFC50D005B0093 /* Sources */,
				529A9C631DEFC50D005B0093 /* Frameworks */,
				529A9C641DEFC50D005B0093 /* Headers */,
				529A9C651DEFC50D005B0093 /* Resources */,
			);
			buildRules = (
			);
			dependencies = (
			);
			name = "Treebank iOS";
			productName = "Treebank iOS";
			productReference = 529A9C671DEFC50D005B0093 /* Treebank.framework */;
			productType = "com.apple.product-type.framework";
		};
		529A9C731DEFC599005B0093 /* Treebank macOS */ = {
			isa = PBXNativeTarget;
			buildConfigurationList = 529A9C791DEFC599005B0093 /* Build configuration list for PBXNativeTarget "Treebank macOS" */;
			buildPhases = (
				529A9C6F1DEFC599005B0093 /* Sources */,
				529A9C701DEFC599005B0093 /* Frameworks */,
				529A9C711DEFC599005B0093 /* Headers */,
				529A9C721DEFC599005B0093 /* Resources */,
			);
			buildRules = (
			);
			dependencies = (
			);
			name = "Treebank macOS";
			productName = "Treebank macOS";
			productReference = 529A9C741DEFC599005B0093 /* Treebank.framework */;
			productType = "com.apple.product-type.framework";
		};
/* End PBXNativeTarget section */

/* Begin PBXProject section */
		527558541DEF11760004EFE7 /* Project object */ = {
			isa = PBXProject;
			attributes = {
				LastUpgradeCheck = 0810;
				ORGANIZATIONNAME = proxpero;
				TargetAttributes = {
					529A9C661DEFC50D005B0093 = {
						CreatedOnToolsVersion = 8.1;
						DevelopmentTeam = 55SVD8WGE3;
						ProvisioningStyle = Automatic;
					};
					529A9C731DEFC599005B0093 = {
						CreatedOnToolsVersion = 8.1;
						DevelopmentTeam = 55SVD8WGE3;
						ProvisioningStyle = Automatic;
					};
				};
			};
			buildConfigurationList = 527558571DEF11760004EFE7 /* Build configuration list for PBXProject "Treebank" */;
			compatibilityVersion = "Xcode 3.2";
			developmentRegion = English;
			hasScannedForEncodings = 0;
			knownRegions = (
				en,
			);
			mainGroup = 527558531DEF11760004EFE7;
			productRefGroup = 5275585E1DEF11760004EFE7 /* Products */;
			projectDirPath = "";
			projectRoot = "";
			targets = (
				529A9C661DEFC50D005B0093 /* Treebank iOS */,
				529A9C731DEFC599005B0093 /* Treebank macOS */,
			);
		};
/* End PBXProject section */

/* Begin PBXResourcesBuildPhase section */
		529A9C651DEFC50D005B0093 /* Resources */ = {
			isa = PBXResourcesBuildPhase;
			buildActionMask = 2147483647;
			files = (
			);
			runOnlyForDeploymentPostprocessing = 0;
		};
		529A9C721DEFC599005B0093 /* Resources */ = {
			isa = PBXResourcesBuildPhase;
			buildActionMask = 2147483647;
			files = (
			);
			runOnlyForDeploymentPostprocessing = 0;
		};
/* End PBXResourcesBuildPhase section */

/* Begin PBXSourcesBuildPhase section */
		529A9C621DEFC50D005B0093 /* Sources */ = {
			isa = PBXSourcesBuildPhase;
			buildActionMask = 2147483647;
			files = (
				529A9C851DEFC5F8005B0093 /* Postag.swift in Sources */,
				529A9C891DEFC5F8005B0093 /* Sentence.swift in Sources */,
				529A9C8D1DEFC5F8005B0093 /* Word.swift in Sources */,
				529A9C8B1DEFC5F8005B0093 /* Text.swift in Sources */,
				529A9C871DEFC5F8005B0093 /* Relation.swift in Sources */,
			);
			runOnlyForDeploymentPostprocessing = 0;
		};
		529A9C6F1DEFC599005B0093 /* Sources */ = {
			isa = PBXSourcesBuildPhase;
			buildActionMask = 2147483647;
			files = (
				529A9C861DEFC5F8005B0093 /* Postag.swift in Sources */,
				529A9C8A1DEFC5F8005B0093 /* Sentence.swift in Sources */,
				529A9C8E1DEFC5F8005B0093 /* Word.swift in Sources */,
				529A9C8C1DEFC5F8005B0093 /* Text.swift in Sources */,
				529A9C881DEFC5F8005B0093 /* Relation.swift in Sources */,
			);
			runOnlyForDeploymentPostprocessing = 0;
		};
/* End PBXSourcesBuildPhase section */

/* Begin XCBuildConfiguration section */
		527558631DEF11760004EFE7 /* Debug */ = {
			isa = XCBuildConfiguration;
			buildSettings = {
				ALWAYS_SEARCH_USER_PATHS = NO;
				CLANG_ANALYZER_NONNULL = YES;
				CLANG_CXX_LANGUAGE_STANDARD = "gnu++0x";
				CLANG_CXX_LIBRARY = "libc++";
				CLANG_ENABLE_MODULES = YES;
				CLANG_ENABLE_OBJC_ARC = YES;
				CLANG_WARN_BOOL_CONVERSION = YES;
				CLANG_WARN_CONSTANT_CONVERSION = YES;
				CLANG_WARN_DIRECT_OBJC_ISA_USAGE = YES_ERROR;
				CLANG_WARN_DOCUMENTATION_COMMENTS = YES;
				CLANG_WARN_EMPTY_BODY = YES;
				CLANG_WARN_ENUM_CONVERSION = YES;
				CLANG_WARN_INFINITE_RECURSION = YES;
				CLANG_WARN_INT_CONVERSION = YES;
				CLANG_WARN_OBJC_ROOT_CLASS = YES_ERROR;
				CLANG_WARN_SUSPICIOUS_MOVES = YES;
				CLANG_WARN_UNREACHABLE_CODE = YES;
				CLANG_WARN__DUPLICATE_METHOD_MATCH = YES;
				CODE_SIGN_IDENTITY = "-";
				COPY_PHASE_STRIP = NO;
				CURRENT_PROJECT_VERSION = 1;
				DEBUG_INFORMATION_FORMAT = dwarf;
				ENABLE_STRICT_OBJC_MSGSEND = YES;
				ENABLE_TESTABILITY = YES;
				GCC_C_LANGUAGE_STANDARD = gnu99;
				GCC_DYNAMIC_NO_PIC = NO;
				GCC_NO_COMMON_BLOCKS = YES;
				GCC_OPTIMIZATION_LEVEL = 0;
				GCC_PREPROCESSOR_DEFINITIONS = (
					"DEBUG=1",
					"$(inherited)",
				);
				GCC_WARN_64_TO_32_BIT_CONVERSION = YES;
				GCC_WARN_ABOUT_RETURN_TYPE = YES_ERROR;
				GCC_WARN_UNDECLARED_SELECTOR = YES;
				GCC_WARN_UNINITIALIZED_AUTOS = YES_AGGRESSIVE;
				GCC_WARN_UNUSED_FUNCTION = YES;
				GCC_WARN_UNUSED_VARIABLE = YES;
				MACOSX_DEPLOYMENT_TARGET = 10.12;
				MTL_ENABLE_DEBUG_INFO = YES;
				ONLY_ACTIVE_ARCH = YES;
				SDKROOT = macosx;
				SWIFT_ACTIVE_COMPILATION_CONDITIONS = DEBUG;
				SWIFT_OPTIMIZATION_LEVEL = "-Onone";
				VERSIONING_SYSTEM = "apple-generic";
				VERSION_INFO_PREFIX = "";
			};
			name = Debug;
		};
		527558641DEF11760004EFE7 /* Release */ = {
			isa = XCBuildConfiguration;
			buildSettings = {
				ALWAYS_SEARCH_USER_PATHS = NO;
				CLANG_ANALYZER_NONNULL = YES;
				CLANG_CXX_LANGUAGE_STANDARD = "gnu++0x";
				CLANG_CXX_LIBRARY = "libc++";
				CLANG_ENABLE_MODULES = YES;
				CLANG_ENABLE_OBJC_ARC = YES;
				CLANG_WARN_BOOL_CONVERSION = YES;
				CLANG_WARN_CONSTANT_CONVERSION = YES;
				CLANG_WARN_DIRECT_OBJC_ISA_USAGE = YES_ERROR;
				CLANG_WARN_DOCUMENTATION_COMMENTS = YES;
				CLANG_WARN_EMPTY_BODY = YES;
				CLANG_WARN_ENUM_CONVERSION = YES;
				CLANG_WARN_INFINITE_RECURSION = YES;
				CLANG_WARN_INT_CONVERSION = YES;
				CLANG_WARN_OBJC_ROOT_CLASS = YES_ERROR;
				CLANG_WARN_SUSPICIOUS_MOVES = YES;
				CLANG_WARN_UNREACHABLE_CODE = YES;
				CLANG_WARN__DUPLICATE_METHOD_MATCH = YES;
				CODE_SIGN_IDENTITY = "-";
				COPY_PHASE_STRIP = NO;
				CURRENT_PROJECT_VERSION = 1;
				DEBUG_INFORMATION_FORMAT = "dwarf-with-dsym";
				ENABLE_NS_ASSERTIONS = NO;
				ENABLE_STRICT_OBJC_MSGSEND = YES;
				GCC_C_LANGUAGE_STANDARD = gnu99;
				GCC_NO_COMMON_BLOCKS = YES;
				GCC_WARN_64_TO_32_BIT_CONVERSION = YES;
				GCC_WARN_ABOUT_RETURN_TYPE = YES_ERROR;
				GCC_WARN_UNDECLARED_SELECTOR = YES;
				GCC_WARN_UNINITIALIZED_AUTOS = YES_AGGRESSIVE;
				GCC_WARN_UNUSED_FUNCTION = YES;
				GCC_WARN_UNUSED_VARIABLE = YES;
				MACOSX_DEPLOYMENT_TARGET = 10.12;
				MTL_ENABLE_DEBUG_INFO = NO;
				SDKROOT = macosx;
				SWIFT_OPTIMIZATION_LEVEL = "-Owholemodule";
				VERSIONING_SYSTEM = "apple-generic";
				VERSION_INFO_PREFIX = "";
			};
			name = Release;
		};
		529A9C6C1DEFC50D005B0093 /* Debug */ = {
			isa = XCBuildConfiguration;
			buildSettings = {
				CODE_SIGN_IDENTITY = "";
				"CODE_SIGN_IDENTITY[sdk=iphoneos*]" = "iPhone Developer";
				DEFINES_MODULE = YES;
				DEVELOPMENT_TEAM = 55SVD8WGE3;
				DYLIB_COMPATIBILITY_VERSION = 1;
				DYLIB_CURRENT_VERSION = 1;
				DYLIB_INSTALL_NAME_BASE = "@rpath";
				INFOPLIST_FILE = "$(SRCROOT)/Support/Info.plist";
				INSTALL_PATH = "$(LOCAL_LIBRARY_DIR)/Frameworks";
				IPHONEOS_DEPLOYMENT_TARGET = 10.1;
				LD_RUNPATH_SEARCH_PATHS = "$(inherited) @executable_path/Frameworks @loader_path/Frameworks";
				PRODUCT_BUNDLE_IDENTIFIER = "Todd-Olsen.Treebank-iOS";
				PRODUCT_NAME = Treebank;
				SDKROOT = iphoneos;
				SKIP_INSTALL = YES;
				SWIFT_VERSION = 3.0;
				TARGETED_DEVICE_FAMILY = "1,2";
			};
			name = Debug;
		};
		529A9C6D1DEFC50D005B0093 /* Release */ = {
			isa = XCBuildConfiguration;
			buildSettings = {
				CODE_SIGN_IDENTITY = "";
				"CODE_SIGN_IDENTITY[sdk=iphoneos*]" = "iPhone Developer";
				DEFINES_MODULE = YES;
				DEVELOPMENT_TEAM = 55SVD8WGE3;
				DYLIB_COMPATIBILITY_VERSION = 1;
				DYLIB_CURRENT_VERSION = 1;
				DYLIB_INSTALL_NAME_BASE = "@rpath";
				INFOPLIST_FILE = "$(SRCROOT)/Support/Info.plist";
				INSTALL_PATH = "$(LOCAL_LIBRARY_DIR)/Frameworks";
				IPHONEOS_DEPLOYMENT_TARGET = 10.1;
				LD_RUNPATH_SEARCH_PATHS = "$(inherited) @executable_path/Frameworks @loader_path/Frameworks";
				PRODUCT_BUNDLE_IDENTIFIER = "Todd-Olsen.Treebank-iOS";
				PRODUCT_NAME = Treebank;
				SDKROOT = iphoneos;
				SKIP_INSTALL = YES;
				SWIFT_VERSION = 3.0;
				TARGETED_DEVICE_FAMILY = "1,2";
				VALIDATE_PRODUCT = YES;
			};
			name = Release;
		};
		529A9C7A1DEFC599005B0093 /* Debug */ = {
			isa = XCBuildConfiguration;
			buildSettings = {
				CODE_SIGN_IDENTITY = "";
				COMBINE_HIDPI_IMAGES = YES;
				DEFINES_MODULE = YES;
				DEVELOPMENT_TEAM = 55SVD8WGE3;
				DYLIB_COMPATIBILITY_VERSION = 1;
				DYLIB_CURRENT_VERSION = 1;
				DYLIB_INSTALL_NAME_BASE = "@rpath";
				FRAMEWORK_VERSION = A;
				INFOPLIST_FILE = "$(SRCROOT)/Support/Info.plist";
				INSTALL_PATH = "$(LOCAL_LIBRARY_DIR)/Frameworks";
				LD_RUNPATH_SEARCH_PATHS = "$(inherited) @executable_path/../Frameworks @loader_path/Frameworks";
				PRODUCT_BUNDLE_IDENTIFIER = "Todd-Olsen.Treebank-macOS";
				PRODUCT_NAME = Treebank;
				SKIP_INSTALL = YES;
				SWIFT_VERSION = 3.0;
			};
			name = Debug;
		};
		529A9C7B1DEFC599005B0093 /* Release */ = {
			isa = XCBuildConfiguration;
			buildSettings = {
				CODE_SIGN_IDENTITY = "";
				COMBINE_HIDPI_IMAGES = YES;
				DEFINES_MODULE = YES;
				DEVELOPMENT_TEAM = 55SVD8WGE3;
				DYLIB_COMPATIBILITY_VERSION = 1;
				DYLIB_CURRENT_VERSION = 1;
				DYLIB_INSTALL_NAME_BASE = "@rpath";
				FRAMEWORK_VERSION = A;
				INFOPLIST_FILE = "$(SRCROOT)/Support/Info.plist";
				INSTALL_PATH = "$(LOCAL_LIBRARY_DIR)/Frameworks";
				LD_RUNPATH_SEARCH_PATHS = "$(inherited) @executable_path/../Frameworks @loader_path/Frameworks";
				PRODUCT_BUNDLE_IDENTIFIER = "Todd-Olsen.Treebank-macOS";
				PRODUCT_NAME = Treebank;
				SKIP_INSTALL = YES;
				SWIFT_VERSION = 3.0;
			};
			name = Release;
		};
/* End XCBuildConfiguration section */

/* Begin XCConfigurationList section */
		527558571DEF11760004EFE7 /* Build configuration list for PBXProject "Treebank" */ = {
			isa = XCConfigurationList;
			buildConfigurations = (
				527558631DEF11760004EFE7 /* Debug */,
				527558641DEF11760004EFE7 /* Release */,
			);
			defaultConfigurationIsVisible = 0;
			defaultConfigurationName = Release;
		};
		529A9C6E1DEFC50D005B0093 /* Build configuration list for PBXNativeTarget "Treebank iOS" */ = {
			isa = XCConfigurationList;
			buildConfigurations = (
				529A9C6C1DEFC50D005B0093 /* Debug */,
				529A9C6D1DEFC50D005B0093 /* Release */,
			);
			defaultConfigurationIsVisible = 0;
		};
		529A9C791DEFC599005B0093 /* Build configuration list for PBXNativeTarget "Treebank macOS" */ = {
			isa = XCConfigurationList;
			buildConfigurations = (
				529A9C7A1DEFC599005B0093 /* Debug */,
				529A9C7B1DEFC599005B0093 /* Release */,
			);
			defaultConfigurationIsVisible = 0;
		};
/* End XCConfigurationList section */
	};
	rootObject = 527558541DEF11760004EFE7 /* Project object */;
}
